// !$*UTF8*$!
{
	archiveVersion = 1;
	classes = {
	};
	objectVersion = 48;
	objects = {

/* Begin PBXBuildFile section */
		69BC178A1FBC83380025CC42 /* AppDelegate.swift in Sources */ = {isa = PBXBuildFile; fileRef = 69BC17891FBC83380025CC42 /* AppDelegate.swift */; };
		69BC179F1FBC83380025CC42 /* Mediquo_Swift_Example_AppTests.swift in Sources */ = {isa = PBXBuildFile; fileRef = 69BC179E1FBC83380025CC42 /* Mediquo_Swift_Example_AppTests.swift */; };
		69BC17AA1FBC83380025CC42 /* Mediquo_Swift_Example_AppUITests.swift in Sources */ = {isa = PBXBuildFile; fileRef = 69BC17A91FBC83380025CC42 /* Mediquo_Swift_Example_AppUITests.swift */; };
		69BC17BB1FBC8B6C0025CC42 /* ViewController.swift in Sources */ = {isa = PBXBuildFile; fileRef = 69BC17BA1FBC8B6C0025CC42 /* ViewController.swift */; };
		69BC17BC1FBC8B6C0025CC42 /* ViewController.swift in Sources */ = {isa = PBXBuildFile; fileRef = 69BC17BA1FBC8B6C0025CC42 /* ViewController.swift */; };
		69BC17BD1FBC8B6C0025CC42 /* ViewController.swift in Sources */ = {isa = PBXBuildFile; fileRef = 69BC17BA1FBC8B6C0025CC42 /* ViewController.swift */; };
		69BC17C51FBC8B980025CC42 /* LaunchScreen.storyboard in Resources */ = {isa = PBXBuildFile; fileRef = 69BC17C01FBC8B980025CC42 /* LaunchScreen.storyboard */; };
		69BC17C61FBC8B980025CC42 /* LaunchScreen.storyboard in Resources */ = {isa = PBXBuildFile; fileRef = 69BC17C01FBC8B980025CC42 /* LaunchScreen.storyboard */; };
		69BC17C71FBC8B980025CC42 /* LaunchScreen.storyboard in Resources */ = {isa = PBXBuildFile; fileRef = 69BC17C01FBC8B980025CC42 /* LaunchScreen.storyboard */; };
		69BC17C81FBC8B980025CC42 /* Main.storyboard in Resources */ = {isa = PBXBuildFile; fileRef = 69BC17C21FBC8B980025CC42 /* Main.storyboard */; };
		69BC17C91FBC8B980025CC42 /* Main.storyboard in Resources */ = {isa = PBXBuildFile; fileRef = 69BC17C21FBC8B980025CC42 /* Main.storyboard */; };
		69BC17CA1FBC8B980025CC42 /* Main.storyboard in Resources */ = {isa = PBXBuildFile; fileRef = 69BC17C21FBC8B980025CC42 /* Main.storyboard */; };
		69BC17CB1FBC8B980025CC42 /* Assets.xcassets in Resources */ = {isa = PBXBuildFile; fileRef = 69BC17C41FBC8B980025CC42 /* Assets.xcassets */; };
		69BC17CC1FBC8B980025CC42 /* Assets.xcassets in Resources */ = {isa = PBXBuildFile; fileRef = 69BC17C41FBC8B980025CC42 /* Assets.xcassets */; };
		69BC17CD1FBC8B980025CC42 /* Assets.xcassets in Resources */ = {isa = PBXBuildFile; fileRef = 69BC17C41FBC8B980025CC42 /* Assets.xcassets */; };
		69BC17D21FBC8BC20025CC42 /* Localizable.strings in Resources */ = {isa = PBXBuildFile; fileRef = 69BC17D61FBC8BC20025CC42 /* Localizable.strings */; };
		69BC17D31FBC8BC20025CC42 /* Localizable.strings in Resources */ = {isa = PBXBuildFile; fileRef = 69BC17D61FBC8BC20025CC42 /* Localizable.strings */; };
		69BC17D41FBC8BC20025CC42 /* Localizable.strings in Resources */ = {isa = PBXBuildFile; fileRef = 69BC17D61FBC8BC20025CC42 /* Localizable.strings */; };
		69BC17DD1FBC8DB20025CC42 /* R.generated.swift in Sources */ = {isa = PBXBuildFile; fileRef = 69BC17DC1FBC8DB20025CC42 /* R.generated.swift */; };
		69BC17DE1FBC8DB20025CC42 /* R.generated.swift in Sources */ = {isa = PBXBuildFile; fileRef = 69BC17DC1FBC8DB20025CC42 /* R.generated.swift */; };
		69BC17DF1FBC8DB20025CC42 /* R.generated.swift in Sources */ = {isa = PBXBuildFile; fileRef = 69BC17DC1FBC8DB20025CC42 /* R.generated.swift */; };
		8F7517A9F138FA5C4EF2A977 /* Pods_Mediquo_Swift_Example_App.framework in Frameworks */ = {isa = PBXBuildFile; fileRef = 09186D98E9FBDB364CEC227C /* Pods_Mediquo_Swift_Example_App.framework */; };
		9700B01E86CA71887DCD9391 /* Pods_Mediquo_Swift_Example_AppUITests.framework in Frameworks */ = {isa = PBXBuildFile; fileRef = 65D7AE7A763BD3FBC949BE91 /* Pods_Mediquo_Swift_Example_AppUITests.framework */; };
		D585EEF521E6173300D3A21B /* MediQuo+Extension.swift in Sources */ = {isa = PBXBuildFile; fileRef = D585EEF421E6173300D3A21B /* MediQuo+Extension.swift */; };
		EC9D491497797B6BE2F14674 /* Pods_Mediquo_Swift_Example_AppTests.framework in Frameworks */ = {isa = PBXBuildFile; fileRef = A47EBBDE1193D18C51AB8AB6 /* Pods_Mediquo_Swift_Example_AppTests.framework */; };
/* End PBXBuildFile section */

/* Begin PBXContainerItemProxy section */
		69BC179B1FBC83380025CC42 /* PBXContainerItemProxy */ = {
			isa = PBXContainerItemProxy;
			containerPortal = 69BC177E1FBC83380025CC42 /* Project object */;
			proxyType = 1;
			remoteGlobalIDString = 69BC17851FBC83380025CC42;
			remoteInfo = "Mediquo Swift Example App";
		};
		69BC17A61FBC83380025CC42 /* PBXContainerItemProxy */ = {
			isa = PBXContainerItemProxy;
			containerPortal = 69BC177E1FBC83380025CC42 /* Project object */;
			proxyType = 1;
			remoteGlobalIDString = 69BC17851FBC83380025CC42;
			remoteInfo = "Mediquo Swift Example App";
		};
/* End PBXContainerItemProxy section */

/* Begin PBXFileReference section */
		09186D98E9FBDB364CEC227C /* Pods_Mediquo_Swift_Example_App.framework */ = {isa = PBXFileReference; explicitFileType = wrapper.framework; includeInIndex = 0; path = Pods_Mediquo_Swift_Example_App.framework; sourceTree = BUILT_PRODUCTS_DIR; };
		2991E2B4ADE8B5ADAE5598EE /* Pods-Mediquo Swift Example App.debug.xcconfig */ = {isa = PBXFileReference; includeInIndex = 1; lastKnownFileType = text.xcconfig; name = "Pods-Mediquo Swift Example App.debug.xcconfig"; path = "Pods/Target Support Files/Pods-Mediquo Swift Example App/Pods-Mediquo Swift Example App.debug.xcconfig"; sourceTree = "<group>"; };
		4FDC176D3EE42AC26145F988 /* Pods-Mediquo Swift Example App.release.xcconfig */ = {isa = PBXFileReference; includeInIndex = 1; lastKnownFileType = text.xcconfig; name = "Pods-Mediquo Swift Example App.release.xcconfig"; path = "Pods/Target Support Files/Pods-Mediquo Swift Example App/Pods-Mediquo Swift Example App.release.xcconfig"; sourceTree = "<group>"; };
		56CD461184949E8757E80A51 /* Pods-Mediquo Swift Example AppUITests.debug.xcconfig */ = {isa = PBXFileReference; includeInIndex = 1; lastKnownFileType = text.xcconfig; name = "Pods-Mediquo Swift Example AppUITests.debug.xcconfig"; path = "Pods/Target Support Files/Pods-Mediquo Swift Example AppUITests/Pods-Mediquo Swift Example AppUITests.debug.xcconfig"; sourceTree = "<group>"; };
		65D7AE7A763BD3FBC949BE91 /* Pods_Mediquo_Swift_Example_AppUITests.framework */ = {isa = PBXFileReference; explicitFileType = wrapper.framework; includeInIndex = 0; path = Pods_Mediquo_Swift_Example_AppUITests.framework; sourceTree = BUILT_PRODUCTS_DIR; };
		69BC17861FBC83380025CC42 /* Mediquo Swift Example App.app */ = {isa = PBXFileReference; explicitFileType = wrapper.application; includeInIndex = 0; path = "Mediquo Swift Example App.app"; sourceTree = BUILT_PRODUCTS_DIR; };
		69BC17891FBC83380025CC42 /* AppDelegate.swift */ = {isa = PBXFileReference; lastKnownFileType = sourcecode.swift; path = AppDelegate.swift; sourceTree = "<group>"; };
		69BC17951FBC83380025CC42 /* Info.plist */ = {isa = PBXFileReference; lastKnownFileType = text.plist.xml; path = Info.plist; sourceTree = "<group>"; };
		69BC179A1FBC83380025CC42 /* Mediquo Swift Example AppTests.xctest */ = {isa = PBXFileReference; explicitFileType = wrapper.cfbundle; includeInIndex = 0; path = "Mediquo Swift Example AppTests.xctest"; sourceTree = BUILT_PRODUCTS_DIR; };
		69BC179E1FBC83380025CC42 /* Mediquo_Swift_Example_AppTests.swift */ = {isa = PBXFileReference; lastKnownFileType = sourcecode.swift; path = Mediquo_Swift_Example_AppTests.swift; sourceTree = "<group>"; };
		69BC17A01FBC83380025CC42 /* Info.plist */ = {isa = PBXFileReference; lastKnownFileType = text.plist.xml; path = Info.plist; sourceTree = "<group>"; };
		69BC17A51FBC83380025CC42 /* Mediquo Swift Example AppUITests.xctest */ = {isa = PBXFileReference; explicitFileType = wrapper.cfbundle; includeInIndex = 0; path = "Mediquo Swift Example AppUITests.xctest"; sourceTree = BUILT_PRODUCTS_DIR; };
		69BC17A91FBC83380025CC42 /* Mediquo_Swift_Example_AppUITests.swift */ = {isa = PBXFileReference; lastKnownFileType = sourcecode.swift; path = Mediquo_Swift_Example_AppUITests.swift; sourceTree = "<group>"; };
		69BC17AB1FBC83380025CC42 /* Info.plist */ = {isa = PBXFileReference; lastKnownFileType = text.plist.xml; path = Info.plist; sourceTree = "<group>"; };
		69BC17BA1FBC8B6C0025CC42 /* ViewController.swift */ = {isa = PBXFileReference; fileEncoding = 4; lastKnownFileType = sourcecode.swift; path = ViewController.swift; sourceTree = "<group>"; };
		69BC17C11FBC8B980025CC42 /* Base */ = {isa = PBXFileReference; lastKnownFileType = file.storyboard; name = Base; path = LaunchScreen.storyboard; sourceTree = "<group>"; };
		69BC17C31FBC8B980025CC42 /* Base */ = {isa = PBXFileReference; lastKnownFileType = file.storyboard; name = Base; path = Main.storyboard; sourceTree = "<group>"; };
		69BC17C41FBC8B980025CC42 /* Assets.xcassets */ = {isa = PBXFileReference; lastKnownFileType = folder.assetcatalog; path = Assets.xcassets; sourceTree = "<group>"; };
		69BC17D51FBC8BC20025CC42 /* en */ = {isa = PBXFileReference; lastKnownFileType = text.plist.strings; name = en; path = en.lproj/Localizable.strings; sourceTree = "<group>"; };
		69BC17D71FBC8BDC0025CC42 /* es */ = {isa = PBXFileReference; lastKnownFileType = text.plist.strings; name = es; path = ../es.lproj/LaunchScreen.strings; sourceTree = "<group>"; };
		69BC17D81FBC8BDC0025CC42 /* es */ = {isa = PBXFileReference; lastKnownFileType = text.plist.strings; name = es; path = ../es.lproj/Main.strings; sourceTree = "<group>"; };
		69BC17D91FBC8BDD0025CC42 /* es */ = {isa = PBXFileReference; lastKnownFileType = text.plist.strings; name = es; path = es.lproj/Localizable.strings; sourceTree = "<group>"; };
		69BC17DC1FBC8DB20025CC42 /* R.generated.swift */ = {isa = PBXFileReference; fileEncoding = 4; lastKnownFileType = sourcecode.swift; path = R.generated.swift; sourceTree = "<group>"; };
		96F479A0A28BF00FFCBFB6D4 /* Pods-Mediquo Swift Example AppTests.debug.xcconfig */ = {isa = PBXFileReference; includeInIndex = 1; lastKnownFileType = text.xcconfig; name = "Pods-Mediquo Swift Example AppTests.debug.xcconfig"; path = "Pods/Target Support Files/Pods-Mediquo Swift Example AppTests/Pods-Mediquo Swift Example AppTests.debug.xcconfig"; sourceTree = "<group>"; };
		A47EBBDE1193D18C51AB8AB6 /* Pods_Mediquo_Swift_Example_AppTests.framework */ = {isa = PBXFileReference; explicitFileType = wrapper.framework; includeInIndex = 0; path = Pods_Mediquo_Swift_Example_AppTests.framework; sourceTree = BUILT_PRODUCTS_DIR; };
		A961F6FABA2B686539C96756 /* Pods-Mediquo Swift Example AppTests.release.xcconfig */ = {isa = PBXFileReference; includeInIndex = 1; lastKnownFileType = text.xcconfig; name = "Pods-Mediquo Swift Example AppTests.release.xcconfig"; path = "Pods/Target Support Files/Pods-Mediquo Swift Example AppTests/Pods-Mediquo Swift Example AppTests.release.xcconfig"; sourceTree = "<group>"; };
		D585EEF421E6173300D3A21B /* MediQuo+Extension.swift */ = {isa = PBXFileReference; lastKnownFileType = sourcecode.swift; path = "MediQuo+Extension.swift"; sourceTree = "<group>"; };
		E52D4196B343F549A802E08D /* Pods-Mediquo Swift Example AppUITests.release.xcconfig */ = {isa = PBXFileReference; includeInIndex = 1; lastKnownFileType = text.xcconfig; name = "Pods-Mediquo Swift Example AppUITests.release.xcconfig"; path = "Pods/Target Support Files/Pods-Mediquo Swift Example AppUITests/Pods-Mediquo Swift Example AppUITests.release.xcconfig"; sourceTree = "<group>"; };
/* End PBXFileReference section */

/* Begin PBXFrameworksBuildPhase section */
		69BC17831FBC83380025CC42 /* Frameworks */ = {
			isa = PBXFrameworksBuildPhase;
			buildActionMask = 2147483647;
			files = (
				8F7517A9F138FA5C4EF2A977 /* Pods_Mediquo_Swift_Example_App.framework in Frameworks */,
			);
			runOnlyForDeploymentPostprocessing = 0;
		};
		69BC17971FBC83380025CC42 /* Frameworks */ = {
			isa = PBXFrameworksBuildPhase;
			buildActionMask = 2147483647;
			files = (
				EC9D491497797B6BE2F14674 /* Pods_Mediquo_Swift_Example_AppTests.framework in Frameworks */,
			);
			runOnlyForDeploymentPostprocessing = 0;
		};
		69BC17A21FBC83380025CC42 /* Frameworks */ = {
			isa = PBXFrameworksBuildPhase;
			buildActionMask = 2147483647;
			files = (
				9700B01E86CA71887DCD9391 /* Pods_Mediquo_Swift_Example_AppUITests.framework in Frameworks */,
			);
			runOnlyForDeploymentPostprocessing = 0;
		};
/* End PBXFrameworksBuildPhase section */

/* Begin PBXGroup section */
		17BE783B47303F00EB847197 /* Pods */ = {
			isa = PBXGroup;
			children = (
				2991E2B4ADE8B5ADAE5598EE /* Pods-Mediquo Swift Example App.debug.xcconfig */,
				4FDC176D3EE42AC26145F988 /* Pods-Mediquo Swift Example App.release.xcconfig */,
				96F479A0A28BF00FFCBFB6D4 /* Pods-Mediquo Swift Example AppTests.debug.xcconfig */,
				A961F6FABA2B686539C96756 /* Pods-Mediquo Swift Example AppTests.release.xcconfig */,
				56CD461184949E8757E80A51 /* Pods-Mediquo Swift Example AppUITests.debug.xcconfig */,
				E52D4196B343F549A802E08D /* Pods-Mediquo Swift Example AppUITests.release.xcconfig */,
			);
			name = Pods;
			sourceTree = "<group>";
		};
		69BC177D1FBC83380025CC42 = {
			isa = PBXGroup;
			children = (
				69BC17881FBC83380025CC42 /* Mediquo Swift Example App */,
				69BC179D1FBC83380025CC42 /* Mediquo Swift Example AppTests */,
				69BC17A81FBC83380025CC42 /* Mediquo Swift Example AppUITests */,
				69BC17871FBC83380025CC42 /* Products */,
				17BE783B47303F00EB847197 /* Pods */,
				EAE7CC056A0192C6EBDBAE08 /* Frameworks */,
			);
			sourceTree = "<group>";
		};
		69BC17871FBC83380025CC42 /* Products */ = {
			isa = PBXGroup;
			children = (
				69BC17861FBC83380025CC42 /* Mediquo Swift Example App.app */,
				69BC179A1FBC83380025CC42 /* Mediquo Swift Example AppTests.xctest */,
				69BC17A51FBC83380025CC42 /* Mediquo Swift Example AppUITests.xctest */,
			);
			name = Products;
			sourceTree = "<group>";
		};
		69BC17881FBC83380025CC42 /* Mediquo Swift Example App */ = {
			isa = PBXGroup;
			children = (
				69BC17951FBC83380025CC42 /* Info.plist */,
				69BC17891FBC83380025CC42 /* AppDelegate.swift */,
				69BC17B91FBC8B5E0025CC42 /* Controllers */,
				D585EEF321E6164A00D3A21B /* Extensions */,
				69BC17BE1FBC8B7C0025CC42 /* Resources */,
			);
			path = "Mediquo Swift Example App";
			sourceTree = "<group>";
		};
		69BC179D1FBC83380025CC42 /* Mediquo Swift Example AppTests */ = {
			isa = PBXGroup;
			children = (
				69BC179E1FBC83380025CC42 /* Mediquo_Swift_Example_AppTests.swift */,
				69BC17A01FBC83380025CC42 /* Info.plist */,
			);
			path = "Mediquo Swift Example AppTests";
			sourceTree = "<group>";
		};
		69BC17A81FBC83380025CC42 /* Mediquo Swift Example AppUITests */ = {
			isa = PBXGroup;
			children = (
				69BC17A91FBC83380025CC42 /* Mediquo_Swift_Example_AppUITests.swift */,
				69BC17AB1FBC83380025CC42 /* Info.plist */,
			);
			path = "Mediquo Swift Example AppUITests";
			sourceTree = "<group>";
		};
		69BC17B91FBC8B5E0025CC42 /* Controllers */ = {
			isa = PBXGroup;
			children = (
				69BC17BA1FBC8B6C0025CC42 /* ViewController.swift */,
			);
			path = Controllers;
			sourceTree = "<group>";
		};
		69BC17BE1FBC8B7C0025CC42 /* Resources */ = {
			isa = PBXGroup;
			children = (
				69BC17DA1FBC8C7B0025CC42 /* Generated */,
				69BC17C41FBC8B980025CC42 /* Assets.xcassets */,
				69BC17BF1FBC8B980025CC42 /* Base.lproj */,
				69BC17D61FBC8BC20025CC42 /* Localizable.strings */,
			);
			path = Resources;
			sourceTree = "<group>";
		};
		69BC17BF1FBC8B980025CC42 /* Base.lproj */ = {
			isa = PBXGroup;
			children = (
				69BC17C01FBC8B980025CC42 /* LaunchScreen.storyboard */,
				69BC17C21FBC8B980025CC42 /* Main.storyboard */,
			);
			path = Base.lproj;
			sourceTree = "<group>";
		};
		69BC17DA1FBC8C7B0025CC42 /* Generated */ = {
			isa = PBXGroup;
			children = (
				69BC17DC1FBC8DB20025CC42 /* R.generated.swift */,
			);
			path = Generated;
			sourceTree = "<group>";
		};
		D585EEF321E6164A00D3A21B /* Extensions */ = {
			isa = PBXGroup;
			children = (
				D585EEF421E6173300D3A21B /* MediQuo+Extension.swift */,
			);
			path = Extensions;
			sourceTree = "<group>";
		};
		EAE7CC056A0192C6EBDBAE08 /* Frameworks */ = {
			isa = PBXGroup;
			children = (
				09186D98E9FBDB364CEC227C /* Pods_Mediquo_Swift_Example_App.framework */,
				A47EBBDE1193D18C51AB8AB6 /* Pods_Mediquo_Swift_Example_AppTests.framework */,
				65D7AE7A763BD3FBC949BE91 /* Pods_Mediquo_Swift_Example_AppUITests.framework */,
			);
			name = Frameworks;
			sourceTree = "<group>";
		};
/* End PBXGroup section */

/* Begin PBXNativeTarget section */
		69BC17851FBC83380025CC42 /* Mediquo Swift Example App */ = {
			isa = PBXNativeTarget;
			buildConfigurationList = 69BC17AE1FBC83380025CC42 /* Build configuration list for PBXNativeTarget "Mediquo Swift Example App" */;
			buildPhases = (
				5DE3D60CCCF6B1614EBE6C46 /* [CP] Check Pods Manifest.lock */,
				69BC17DB1FBC8C8A0025CC42 /* ShellScript */,
				69BC17821FBC83380025CC42 /* Sources */,
				69BC17831FBC83380025CC42 /* Frameworks */,
				69BC17841FBC83380025CC42 /* Resources */,
				4021882736F0A05E79DDCA34 /* [CP] Embed Pods Frameworks */,
			);
			buildRules = (
			);
			dependencies = (
			);
			name = "Mediquo Swift Example App";
			productName = "Mediquo Swift Example App";
			productReference = 69BC17861FBC83380025CC42 /* Mediquo Swift Example App.app */;
			productType = "com.apple.product-type.application";
		};
		69BC17991FBC83380025CC42 /* Mediquo Swift Example AppTests */ = {
			isa = PBXNativeTarget;
			buildConfigurationList = 69BC17B11FBC83380025CC42 /* Build configuration list for PBXNativeTarget "Mediquo Swift Example AppTests" */;
			buildPhases = (
				EAE574BE086D18C6047BF6B6 /* [CP] Check Pods Manifest.lock */,
				69BC17961FBC83380025CC42 /* Sources */,
				69BC17971FBC83380025CC42 /* Frameworks */,
				69BC17981FBC83380025CC42 /* Resources */,
			);
			buildRules = (
			);
			dependencies = (
				69BC179C1FBC83380025CC42 /* PBXTargetDependency */,
			);
			name = "Mediquo Swift Example AppTests";
			productName = "Mediquo Swift Example AppTests";
			productReference = 69BC179A1FBC83380025CC42 /* Mediquo Swift Example AppTests.xctest */;
			productType = "com.apple.product-type.bundle.unit-test";
		};
		69BC17A41FBC83380025CC42 /* Mediquo Swift Example AppUITests */ = {
			isa = PBXNativeTarget;
			buildConfigurationList = 69BC17B41FBC83380025CC42 /* Build configuration list for PBXNativeTarget "Mediquo Swift Example AppUITests" */;
			buildPhases = (
				B3147E12922BD5F5116FA67B /* [CP] Check Pods Manifest.lock */,
				69BC17A11FBC83380025CC42 /* Sources */,
				69BC17A21FBC83380025CC42 /* Frameworks */,
				69BC17A31FBC83380025CC42 /* Resources */,
			);
			buildRules = (
			);
			dependencies = (
				69BC17A71FBC83380025CC42 /* PBXTargetDependency */,
			);
			name = "Mediquo Swift Example AppUITests";
			productName = "Mediquo Swift Example AppUITests";
			productReference = 69BC17A51FBC83380025CC42 /* Mediquo Swift Example AppUITests.xctest */;
			productType = "com.apple.product-type.bundle.ui-testing";
		};
/* End PBXNativeTarget section */

/* Begin PBXProject section */
		69BC177E1FBC83380025CC42 /* Project object */ = {
			isa = PBXProject;
			attributes = {
				LastSwiftUpdateCheck = 0910;
				LastUpgradeCheck = 1010;
				ORGANIZATIONNAME = "Edgar Paz Moreno";
				TargetAttributes = {
					69BC17851FBC83380025CC42 = {
						CreatedOnToolsVersion = 9.1;
						ProvisioningStyle = Automatic;
						SystemCapabilities = {
							com.apple.BackgroundModes = {
								enabled = 1;
							};
						};
					};
					69BC17991FBC83380025CC42 = {
						CreatedOnToolsVersion = 9.1;
						ProvisioningStyle = Automatic;
						TestTargetID = 69BC17851FBC83380025CC42;
					};
					69BC17A41FBC83380025CC42 = {
						CreatedOnToolsVersion = 9.1;
						ProvisioningStyle = Automatic;
						TestTargetID = 69BC17851FBC83380025CC42;
					};
				};
			};
			buildConfigurationList = 69BC17811FBC83380025CC42 /* Build configuration list for PBXProject "Mediquo Swift Example App" */;
			compatibilityVersion = "Xcode 8.0";
			developmentRegion = en;
			hasScannedForEncodings = 0;
			knownRegions = (
				en,
				Base,
				es,
			);
			mainGroup = 69BC177D1FBC83380025CC42;
			productRefGroup = 69BC17871FBC83380025CC42 /* Products */;
			projectDirPath = "";
			projectRoot = "";
			targets = (
				69BC17851FBC83380025CC42 /* Mediquo Swift Example App */,
				69BC17991FBC83380025CC42 /* Mediquo Swift Example AppTests */,
				69BC17A41FBC83380025CC42 /* Mediquo Swift Example AppUITests */,
			);
		};
/* End PBXProject section */

/* Begin PBXResourcesBuildPhase section */
		69BC17841FBC83380025CC42 /* Resources */ = {
			isa = PBXResourcesBuildPhase;
			buildActionMask = 2147483647;
			files = (
				69BC17C51FBC8B980025CC42 /* LaunchScreen.storyboard in Resources */,
				69BC17D21FBC8BC20025CC42 /* Localizable.strings in Resources */,
				69BC17CB1FBC8B980025CC42 /* Assets.xcassets in Resources */,
				69BC17C81FBC8B980025CC42 /* Main.storyboard in Resources */,
			);
			runOnlyForDeploymentPostprocessing = 0;
		};
		69BC17981FBC83380025CC42 /* Resources */ = {
			isa = PBXResourcesBuildPhase;
			buildActionMask = 2147483647;
			files = (
				69BC17C61FBC8B980025CC42 /* LaunchScreen.storyboard in Resources */,
				69BC17D31FBC8BC20025CC42 /* Localizable.strings in Resources */,
				69BC17CC1FBC8B980025CC42 /* Assets.xcassets in Resources */,
				69BC17C91FBC8B980025CC42 /* Main.storyboard in Resources */,
			);
			runOnlyForDeploymentPostprocessing = 0;
		};
		69BC17A31FBC83380025CC42 /* Resources */ = {
			isa = PBXResourcesBuildPhase;
			buildActionMask = 2147483647;
			files = (
				69BC17C71FBC8B980025CC42 /* LaunchScreen.storyboard in Resources */,
				69BC17D41FBC8BC20025CC42 /* Localizable.strings in Resources */,
				69BC17CD1FBC8B980025CC42 /* Assets.xcassets in Resources */,
				69BC17CA1FBC8B980025CC42 /* Main.storyboard in Resources */,
			);
			runOnlyForDeploymentPostprocessing = 0;
		};
/* End PBXResourcesBuildPhase section */

/* Begin PBXShellScriptBuildPhase section */
		4021882736F0A05E79DDCA34 /* [CP] Embed Pods Frameworks */ = {
			isa = PBXShellScriptBuildPhase;
			buildActionMask = 2147483647;
			files = (
			);
			inputPaths = (
				"${SRCROOT}/Pods/Target Support Files/Pods-Mediquo Swift Example App/Pods-Mediquo Swift Example App-frameworks.sh",
				"${BUILT_PRODUCTS_DIR}/AWSAuthCore/AWSAuthCore.framework",
				"${BUILT_PRODUCTS_DIR}/AWSCognitoIdentityProvider/AWSCognitoIdentityProvider.framework",
				"${BUILT_PRODUCTS_DIR}/AWSCognitoIdentityProviderASF/AWSCognitoIdentityProviderASF.framework",
				"${BUILT_PRODUCTS_DIR}/AWSCore/AWSCore.framework",
				"${BUILT_PRODUCTS_DIR}/AWSMobileClient/AWSMobileClient.framework",
				"${BUILT_PRODUCTS_DIR}/AWSS3/AWSS3.framework",
				"${BUILT_PRODUCTS_DIR}/Alamofire/Alamofire.framework",
				"${BUILT_PRODUCTS_DIR}/AlamofireImage/AlamofireImage.framework",
				"${BUILT_PRODUCTS_DIR}/Differentiator/Differentiator.framework",
				"${PODS_ROOT}/MediQuo/MediQuo/MediQuo.framework",
				"${PODS_ROOT}/MediQuo/MediQuo/MediQuo.framework.dSYM",
				"${PODS_ROOT}/MediQuo-Controller/MediQuo/MediQuoController.framework",
				"${PODS_ROOT}/MediQuo-Controller/MediQuo/MediQuoController.framework.dSYM",
				"${PODS_ROOT}/MediQuo-Core/MediQuo/MediQuoCore.framework",
				"${PODS_ROOT}/MediQuo-Core/MediQuo/MediQuoCore.framework.dSYM",
				"${PODS_ROOT}/MediQuo-Remote/MediQuo/MediQuoRemote.framework",
				"${PODS_ROOT}/MediQuo-Remote/MediQuo/MediQuoRemote.framework.dSYM",
				"${PODS_ROOT}/MediQuo-Schema/MediQuo/MediQuoSchema.framework",
				"${PODS_ROOT}/MediQuo-Schema/MediQuo/MediQuoSchema.framework.dSYM",
				"${PODS_ROOT}/MediQuo-Socket/MediQuo/MediQuoSocket.framework",
				"${PODS_ROOT}/MediQuo-Socket/MediQuo/MediQuoSocket.framework.dSYM",
				"${PODS_ROOT}/MediQuo-Storage/MediQuo/MediQuoStorage.framework",
				"${PODS_ROOT}/MediQuo-Storage/MediQuo/MediQuoStorage.framework.dSYM",
				"${BUILT_PRODUCTS_DIR}/MessageInputBar/MessageInputBar.framework",
				"${BUILT_PRODUCTS_DIR}/MessageKit/MessageKit.framework",
				"${BUILT_PRODUCTS_DIR}/R.swift.Library/Rswift.framework",
				"${BUILT_PRODUCTS_DIR}/Realm/Realm.framework",
				"${BUILT_PRODUCTS_DIR}/RealmSwift/RealmSwift.framework",
				"${BUILT_PRODUCTS_DIR}/RxAtomic/RxAtomic.framework",
				"${BUILT_PRODUCTS_DIR}/RxBlocking/RxBlocking.framework",
				"${BUILT_PRODUCTS_DIR}/RxCocoa/RxCocoa.framework",
				"${BUILT_PRODUCTS_DIR}/RxDataSources/RxDataSources.framework",
				"${BUILT_PRODUCTS_DIR}/RxSwift/RxSwift.framework",
				"${BUILT_PRODUCTS_DIR}/SDWebImage/SDWebImage.framework",
				"${BUILT_PRODUCTS_DIR}/Socket.IO-Client-Swift/SocketIO.framework",
				"${BUILT_PRODUCTS_DIR}/Starscream/Starscream.framework",
				"${BUILT_PRODUCTS_DIR}/SwiftDate/SwiftDate.framework",
				"${BUILT_PRODUCTS_DIR}/Swinject/Swinject.framework",
				"${BUILT_PRODUCTS_DIR}/SwinjectStoryboard/SwinjectStoryboard.framework",
			);
			name = "[CP] Embed Pods Frameworks";
			outputPaths = (
				"${TARGET_BUILD_DIR}/${FRAMEWORKS_FOLDER_PATH}/AWSAuthCore.framework",
				"${TARGET_BUILD_DIR}/${FRAMEWORKS_FOLDER_PATH}/AWSCognitoIdentityProvider.framework",
				"${TARGET_BUILD_DIR}/${FRAMEWORKS_FOLDER_PATH}/AWSCognitoIdentityProviderASF.framework",
				"${TARGET_BUILD_DIR}/${FRAMEWORKS_FOLDER_PATH}/AWSCore.framework",
				"${TARGET_BUILD_DIR}/${FRAMEWORKS_FOLDER_PATH}/AWSMobileClient.framework",
				"${TARGET_BUILD_DIR}/${FRAMEWORKS_FOLDER_PATH}/AWSS3.framework",
				"${TARGET_BUILD_DIR}/${FRAMEWORKS_FOLDER_PATH}/Alamofire.framework",
				"${TARGET_BUILD_DIR}/${FRAMEWORKS_FOLDER_PATH}/AlamofireImage.framework",
				"${TARGET_BUILD_DIR}/${FRAMEWORKS_FOLDER_PATH}/Differentiator.framework",
				"${TARGET_BUILD_DIR}/${FRAMEWORKS_FOLDER_PATH}/MediQuo.framework",
				"${DWARF_DSYM_FOLDER_PATH}/MediQuo.framework.dSYM",
				"${TARGET_BUILD_DIR}/${FRAMEWORKS_FOLDER_PATH}/MediQuoController.framework",
				"${DWARF_DSYM_FOLDER_PATH}/MediQuoController.framework.dSYM",
				"${TARGET_BUILD_DIR}/${FRAMEWORKS_FOLDER_PATH}/MediQuoCore.framework",
				"${DWARF_DSYM_FOLDER_PATH}/MediQuoCore.framework.dSYM",
				"${TARGET_BUILD_DIR}/${FRAMEWORKS_FOLDER_PATH}/MediQuoRemote.framework",
				"${DWARF_DSYM_FOLDER_PATH}/MediQuoRemote.framework.dSYM",
				"${TARGET_BUILD_DIR}/${FRAMEWORKS_FOLDER_PATH}/MediQuoSchema.framework",
				"${DWARF_DSYM_FOLDER_PATH}/MediQuoSchema.framework.dSYM",
				"${TARGET_BUILD_DIR}/${FRAMEWORKS_FOLDER_PATH}/MediQuoSocket.framework",
				"${DWARF_DSYM_FOLDER_PATH}/MediQuoSocket.framework.dSYM",
				"${TARGET_BUILD_DIR}/${FRAMEWORKS_FOLDER_PATH}/MediQuoStorage.framework",
				"${DWARF_DSYM_FOLDER_PATH}/MediQuoStorage.framework.dSYM",
				"${TARGET_BUILD_DIR}/${FRAMEWORKS_FOLDER_PATH}/MessageInputBar.framework",
				"${TARGET_BUILD_DIR}/${FRAMEWORKS_FOLDER_PATH}/MessageKit.framework",
				"${TARGET_BUILD_DIR}/${FRAMEWORKS_FOLDER_PATH}/Rswift.framework",
				"${TARGET_BUILD_DIR}/${FRAMEWORKS_FOLDER_PATH}/Realm.framework",
				"${TARGET_BUILD_DIR}/${FRAMEWORKS_FOLDER_PATH}/RealmSwift.framework",
				"${TARGET_BUILD_DIR}/${FRAMEWORKS_FOLDER_PATH}/RxAtomic.framework",
				"${TARGET_BUILD_DIR}/${FRAMEWORKS_FOLDER_PATH}/RxBlocking.framework",
				"${TARGET_BUILD_DIR}/${FRAMEWORKS_FOLDER_PATH}/RxCocoa.framework",
				"${TARGET_BUILD_DIR}/${FRAMEWORKS_FOLDER_PATH}/RxDataSources.framework",
				"${TARGET_BUILD_DIR}/${FRAMEWORKS_FOLDER_PATH}/RxSwift.framework",
				"${TARGET_BUILD_DIR}/${FRAMEWORKS_FOLDER_PATH}/SDWebImage.framework",
				"${TARGET_BUILD_DIR}/${FRAMEWORKS_FOLDER_PATH}/SocketIO.framework",
				"${TARGET_BUILD_DIR}/${FRAMEWORKS_FOLDER_PATH}/Starscream.framework",
				"${TARGET_BUILD_DIR}/${FRAMEWORKS_FOLDER_PATH}/SwiftDate.framework",
				"${TARGET_BUILD_DIR}/${FRAMEWORKS_FOLDER_PATH}/Swinject.framework",
				"${TARGET_BUILD_DIR}/${FRAMEWORKS_FOLDER_PATH}/SwinjectStoryboard.framework",
			);
			runOnlyForDeploymentPostprocessing = 0;
			shellPath = /bin/sh;
			shellScript = "\"${SRCROOT}/Pods/Target Support Files/Pods-Mediquo Swift Example App/Pods-Mediquo Swift Example App-frameworks.sh\"\n";
			showEnvVarsInLog = 0;
		};
		5DE3D60CCCF6B1614EBE6C46 /* [CP] Check Pods Manifest.lock */ = {
			isa = PBXShellScriptBuildPhase;
			buildActionMask = 2147483647;
			files = (
			);
			inputPaths = (
				"${PODS_PODFILE_DIR_PATH}/Podfile.lock",
				"${PODS_ROOT}/Manifest.lock",
			);
			name = "[CP] Check Pods Manifest.lock";
			outputPaths = (
				"$(DERIVED_FILE_DIR)/Pods-Mediquo Swift Example App-checkManifestLockResult.txt",
			);
			runOnlyForDeploymentPostprocessing = 0;
			shellPath = /bin/sh;
			shellScript = "diff \"${PODS_PODFILE_DIR_PATH}/Podfile.lock\" \"${PODS_ROOT}/Manifest.lock\" > /dev/null\nif [ $? != 0 ] ; then\n    # print error to STDERR\n    echo \"error: The sandbox is not in sync with the Podfile.lock. Run 'pod install' or update your CocoaPods installation.\" >&2\n    exit 1\nfi\n# This output is used by Xcode 'outputs' to avoid re-running this script phase.\necho \"SUCCESS\" > \"${SCRIPT_OUTPUT_FILE_0}\"\n";
			showEnvVarsInLog = 0;
		};
		69BC17DB1FBC8C8A0025CC42 /* ShellScript */ = {
			isa = PBXShellScriptBuildPhase;
			buildActionMask = 2147483647;
			files = (
			);
			inputPaths = (
			);
			outputPaths = (
			);
			runOnlyForDeploymentPostprocessing = 0;
			shellPath = /bin/sh;
			shellScript = "echo 'Generating R files'\n\"$PODS_ROOT/R.swift/rswift\" generate \"$SRCROOT/Mediquo Swift Example App/Resources/Generated\"";
		};
		B3147E12922BD5F5116FA67B /* [CP] Check Pods Manifest.lock */ = {
			isa = PBXShellScriptBuildPhase;
			buildActionMask = 2147483647;
			files = (
			);
			inputPaths = (
				"${PODS_PODFILE_DIR_PATH}/Podfile.lock",
				"${PODS_ROOT}/Manifest.lock",
			);
			name = "[CP] Check Pods Manifest.lock";
			outputPaths = (
				"$(DERIVED_FILE_DIR)/Pods-Mediquo Swift Example AppUITests-checkManifestLockResult.txt",
			);
			runOnlyForDeploymentPostprocessing = 0;
			shellPath = /bin/sh;
			shellScript = "diff \"${PODS_PODFILE_DIR_PATH}/Podfile.lock\" \"${PODS_ROOT}/Manifest.lock\" > /dev/null\nif [ $? != 0 ] ; then\n    # print error to STDERR\n    echo \"error: The sandbox is not in sync with the Podfile.lock. Run 'pod install' or update your CocoaPods installation.\" >&2\n    exit 1\nfi\n# This output is used by Xcode 'outputs' to avoid re-running this script phase.\necho \"SUCCESS\" > \"${SCRIPT_OUTPUT_FILE_0}\"\n";
			showEnvVarsInLog = 0;
		};
		EAE574BE086D18C6047BF6B6 /* [CP] Check Pods Manifest.lock */ = {
			isa = PBXShellScriptBuildPhase;
			buildActionMask = 2147483647;
			files = (
			);
			inputPaths = (
				"${PODS_PODFILE_DIR_PATH}/Podfile.lock",
				"${PODS_ROOT}/Manifest.lock",
			);
			name = "[CP] Check Pods Manifest.lock";
			outputPaths = (
				"$(DERIVED_FILE_DIR)/Pods-Mediquo Swift Example AppTests-checkManifestLockResult.txt",
			);
			runOnlyForDeploymentPostprocessing = 0;
			shellPath = /bin/sh;
			shellScript = "diff \"${PODS_PODFILE_DIR_PATH}/Podfile.lock\" \"${PODS_ROOT}/Manifest.lock\" > /dev/null\nif [ $? != 0 ] ; then\n    # print error to STDERR\n    echo \"error: The sandbox is not in sync with the Podfile.lock. Run 'pod install' or update your CocoaPods installation.\" >&2\n    exit 1\nfi\n# This output is used by Xcode 'outputs' to avoid re-running this script phase.\necho \"SUCCESS\" > \"${SCRIPT_OUTPUT_FILE_0}\"\n";
			showEnvVarsInLog = 0;
		};
/* End PBXShellScriptBuildPhase section */

/* Begin PBXSourcesBuildPhase section */
		69BC17821FBC83380025CC42 /* Sources */ = {
			isa = PBXSourcesBuildPhase;
			buildActionMask = 2147483647;
			files = (
				69BC17BB1FBC8B6C0025CC42 /* ViewController.swift in Sources */,
				69BC178A1FBC83380025CC42 /* AppDelegate.swift in Sources */,
				D585EEF521E6173300D3A21B /* MediQuo+Extension.swift in Sources */,
				69BC17DD1FBC8DB20025CC42 /* R.generated.swift in Sources */,
			);
			runOnlyForDeploymentPostprocessing = 0;
		};
		69BC17961FBC83380025CC42 /* Sources */ = {
			isa = PBXSourcesBuildPhase;
			buildActionMask = 2147483647;
			files = (
				69BC17BC1FBC8B6C0025CC42 /* ViewController.swift in Sources */,
				69BC179F1FBC83380025CC42 /* Mediquo_Swift_Example_AppTests.swift in Sources */,
				69BC17DE1FBC8DB20025CC42 /* R.generated.swift in Sources */,
			);
			runOnlyForDeploymentPostprocessing = 0;
		};
		69BC17A11FBC83380025CC42 /* Sources */ = {
			isa = PBXSourcesBuildPhase;
			buildActionMask = 2147483647;
			files = (
				69BC17BD1FBC8B6C0025CC42 /* ViewController.swift in Sources */,
				69BC17AA1FBC83380025CC42 /* Mediquo_Swift_Example_AppUITests.swift in Sources */,
				69BC17DF1FBC8DB20025CC42 /* R.generated.swift in Sources */,
			);
			runOnlyForDeploymentPostprocessing = 0;
		};
/* End PBXSourcesBuildPhase section */

/* Begin PBXTargetDependency section */
		69BC179C1FBC83380025CC42 /* PBXTargetDependency */ = {
			isa = PBXTargetDependency;
			target = 69BC17851FBC83380025CC42 /* Mediquo Swift Example App */;
			targetProxy = 69BC179B1FBC83380025CC42 /* PBXContainerItemProxy */;
		};
		69BC17A71FBC83380025CC42 /* PBXTargetDependency */ = {
			isa = PBXTargetDependency;
			target = 69BC17851FBC83380025CC42 /* Mediquo Swift Example App */;
			targetProxy = 69BC17A61FBC83380025CC42 /* PBXContainerItemProxy */;
		};
/* End PBXTargetDependency section */

/* Begin PBXVariantGroup section */
		69BC17C01FBC8B980025CC42 /* LaunchScreen.storyboard */ = {
			isa = PBXVariantGroup;
			children = (
				69BC17C11FBC8B980025CC42 /* Base */,
				69BC17D71FBC8BDC0025CC42 /* es */,
			);
			name = LaunchScreen.storyboard;
			sourceTree = "<group>";
		};
		69BC17C21FBC8B980025CC42 /* Main.storyboard */ = {
			isa = PBXVariantGroup;
			children = (
				69BC17C31FBC8B980025CC42 /* Base */,
				69BC17D81FBC8BDC0025CC42 /* es */,
			);
			name = Main.storyboard;
			sourceTree = "<group>";
		};
		69BC17D61FBC8BC20025CC42 /* Localizable.strings */ = {
			isa = PBXVariantGroup;
			children = (
				69BC17D51FBC8BC20025CC42 /* en */,
				69BC17D91FBC8BDD0025CC42 /* es */,
			);
			name = Localizable.strings;
			sourceTree = "<group>";
		};
/* End PBXVariantGroup section */

/* Begin XCBuildConfiguration section */
		69BC17AC1FBC83380025CC42 /* Debug */ = {
			isa = XCBuildConfiguration;
			buildSettings = {
				ALWAYS_SEARCH_USER_PATHS = NO;
				CLANG_ANALYZER_LOCALIZABILITY_NONLOCALIZED = YES;
				CLANG_ANALYZER_NONNULL = YES;
				CLANG_ANALYZER_NUMBER_OBJECT_CONVERSION = YES_AGGRESSIVE;
				CLANG_CXX_LANGUAGE_STANDARD = "gnu++14";
				CLANG_CXX_LIBRARY = "libc++";
				CLANG_ENABLE_MODULES = YES;
				CLANG_ENABLE_OBJC_ARC = YES;
				CLANG_WARN_BLOCK_CAPTURE_AUTORELEASING = YES;
				CLANG_WARN_BOOL_CONVERSION = YES;
				CLANG_WARN_COMMA = YES;
				CLANG_WARN_CONSTANT_CONVERSION = YES;
				CLANG_WARN_DEPRECATED_OBJC_IMPLEMENTATIONS = YES;
				CLANG_WARN_DIRECT_OBJC_ISA_USAGE = YES_ERROR;
				CLANG_WARN_DOCUMENTATION_COMMENTS = YES;
				CLANG_WARN_EMPTY_BODY = YES;
				CLANG_WARN_ENUM_CONVERSION = YES;
				CLANG_WARN_INFINITE_RECURSION = YES;
				CLANG_WARN_INT_CONVERSION = YES;
				CLANG_WARN_NON_LITERAL_NULL_CONVERSION = YES;
				CLANG_WARN_OBJC_IMPLICIT_RETAIN_SELF = YES;
				CLANG_WARN_OBJC_LITERAL_CONVERSION = YES;
				CLANG_WARN_OBJC_ROOT_CLASS = YES_ERROR;
				CLANG_WARN_RANGE_LOOP_ANALYSIS = YES;
				CLANG_WARN_STRICT_PROTOTYPES = YES;
				CLANG_WARN_SUSPICIOUS_MOVE = YES;
				CLANG_WARN_UNGUARDED_AVAILABILITY = YES_AGGRESSIVE;
				CLANG_WARN_UNREACHABLE_CODE = YES;
				CLANG_WARN__DUPLICATE_METHOD_MATCH = YES;
				CODE_SIGN_IDENTITY = "iPhone Developer";
				COPY_PHASE_STRIP = NO;
				DEBUG_INFORMATION_FORMAT = dwarf;
				ENABLE_STRICT_OBJC_MSGSEND = YES;
				ENABLE_TESTABILITY = YES;
				GCC_C_LANGUAGE_STANDARD = gnu11;
				GCC_DYNAMIC_NO_PIC = NO;
				GCC_NO_COMMON_BLOCKS = YES;
				GCC_OPTIMIZATION_LEVEL = 0;
				GCC_PREPROCESSOR_DEFINITIONS = (
					"DEBUG=1",
					"$(inherited)",
				);
				GCC_WARN_64_TO_32_BIT_CONVERSION = YES;
				GCC_WARN_ABOUT_RETURN_TYPE = YES_ERROR;
				GCC_WARN_UNDECLARED_SELECTOR = YES;
				GCC_WARN_UNINITIALIZED_AUTOS = YES_AGGRESSIVE;
				GCC_WARN_UNUSED_FUNCTION = YES;
				GCC_WARN_UNUSED_VARIABLE = YES;
				IPHONEOS_DEPLOYMENT_TARGET = 10.0;
				MTL_ENABLE_DEBUG_INFO = YES;
				ONLY_ACTIVE_ARCH = YES;
				SDKROOT = iphoneos;
				SWIFT_ACTIVE_COMPILATION_CONDITIONS = DEBUG;
				SWIFT_OPTIMIZATION_LEVEL = "-Onone";
			};
			name = Debug;
		};
		69BC17AD1FBC83380025CC42 /* Release */ = {
			isa = XCBuildConfiguration;
			buildSettings = {
				ALWAYS_SEARCH_USER_PATHS = NO;
				CLANG_ANALYZER_LOCALIZABILITY_NONLOCALIZED = YES;
				CLANG_ANALYZER_NONNULL = YES;
				CLANG_ANALYZER_NUMBER_OBJECT_CONVERSION = YES_AGGRESSIVE;
				CLANG_CXX_LANGUAGE_STANDARD = "gnu++14";
				CLANG_CXX_LIBRARY = "libc++";
				CLANG_ENABLE_MODULES = YES;
				CLANG_ENABLE_OBJC_ARC = YES;
				CLANG_WARN_BLOCK_CAPTURE_AUTORELEASING = YES;
				CLANG_WARN_BOOL_CONVERSION = YES;
				CLANG_WARN_COMMA = YES;
				CLANG_WARN_CONSTANT_CONVERSION = YES;
				CLANG_WARN_DEPRECATED_OBJC_IMPLEMENTATIONS = YES;
				CLANG_WARN_DIRECT_OBJC_ISA_USAGE = YES_ERROR;
				CLANG_WARN_DOCUMENTATION_COMMENTS = YES;
				CLANG_WARN_EMPTY_BODY = YES;
				CLANG_WARN_ENUM_CONVERSION = YES;
				CLANG_WARN_INFINITE_RECURSION = YES;
				CLANG_WARN_INT_CONVERSION = YES;
				CLANG_WARN_NON_LITERAL_NULL_CONVERSION = YES;
				CLANG_WARN_OBJC_IMPLICIT_RETAIN_SELF = YES;
				CLANG_WARN_OBJC_LITERAL_CONVERSION = YES;
				CLANG_WARN_OBJC_ROOT_CLASS = YES_ERROR;
				CLANG_WARN_RANGE_LOOP_ANALYSIS = YES;
				CLANG_WARN_STRICT_PROTOTYPES = YES;
				CLANG_WARN_SUSPICIOUS_MOVE = YES;
				CLANG_WARN_UNGUARDED_AVAILABILITY = YES_AGGRESSIVE;
				CLANG_WARN_UNREACHABLE_CODE = YES;
				CLANG_WARN__DUPLICATE_METHOD_MATCH = YES;
				CODE_SIGN_IDENTITY = "iPhone Developer";
				COPY_PHASE_STRIP = NO;
				DEBUG_INFORMATION_FORMAT = "dwarf-with-dsym";
				ENABLE_NS_ASSERTIONS = NO;
				ENABLE_STRICT_OBJC_MSGSEND = YES;
				GCC_C_LANGUAGE_STANDARD = gnu11;
				GCC_NO_COMMON_BLOCKS = YES;
				GCC_WARN_64_TO_32_BIT_CONVERSION = YES;
				GCC_WARN_ABOUT_RETURN_TYPE = YES_ERROR;
				GCC_WARN_UNDECLARED_SELECTOR = YES;
				GCC_WARN_UNINITIALIZED_AUTOS = YES_AGGRESSIVE;
				GCC_WARN_UNUSED_FUNCTION = YES;
				GCC_WARN_UNUSED_VARIABLE = YES;
				IPHONEOS_DEPLOYMENT_TARGET = 10.0;
				MTL_ENABLE_DEBUG_INFO = NO;
				SDKROOT = iphoneos;
				SWIFT_OPTIMIZATION_LEVEL = "-Owholemodule";
				VALIDATE_PRODUCT = YES;
			};
			name = Release;
		};
		69BC17AF1FBC83380025CC42 /* Debug */ = {
			isa = XCBuildConfiguration;
			baseConfigurationReference = 2991E2B4ADE8B5ADAE5598EE /* Pods-Mediquo Swift Example App.debug.xcconfig */;
			buildSettings = {
				ASSETCATALOG_COMPILER_APPICON_NAME = AppIcon;
				CODE_SIGN_STYLE = Automatic;
				DEVELOPMENT_TEAM = YW66TP47QZ;
				INFOPLIST_FILE = "Mediquo Swift Example App/Info.plist";
				IPHONEOS_DEPLOYMENT_TARGET = 11.0;
				LD_RUNPATH_SEARCH_PATHS = "$(inherited) @executable_path/Frameworks";
				PRODUCT_BUNDLE_IDENTIFIER = com.medipremium.main;
				PRODUCT_NAME = "$(TARGET_NAME)";
				SWIFT_VERSION = 4.2;
				TARGETED_DEVICE_FAMILY = "1,2";
			};
			name = Debug;
		};
		69BC17B01FBC83380025CC42 /* Release */ = {
			isa = XCBuildConfiguration;
			baseConfigurationReference = 4FDC176D3EE42AC26145F988 /* Pods-Mediquo Swift Example App.release.xcconfig */;
			buildSettings = {
				ASSETCATALOG_COMPILER_APPICON_NAME = AppIcon;
				CODE_SIGN_STYLE = Automatic;
				DEVELOPMENT_TEAM = YW66TP47QZ;
				INFOPLIST_FILE = "Mediquo Swift Example App/Info.plist";
				IPHONEOS_DEPLOYMENT_TARGET = 11.0;
				LD_RUNPATH_SEARCH_PATHS = "$(inherited) @executable_path/Frameworks";
				PRODUCT_BUNDLE_IDENTIFIER = com.medipremium.main;
				PRODUCT_NAME = "$(TARGET_NAME)";
				SWIFT_VERSION = 4.2;
				TARGETED_DEVICE_FAMILY = "1,2";
			};
			name = Release;
		};
		69BC17B21FBC83380025CC42 /* Debug */ = {
			isa = XCBuildConfiguration;
			baseConfigurationReference = 96F479A0A28BF00FFCBFB6D4 /* Pods-Mediquo Swift Example AppTests.debug.xcconfig */;
			buildSettings = {
				ALWAYS_EMBED_SWIFT_STANDARD_LIBRARIES = YES;
				BUNDLE_LOADER = "$(TEST_HOST)";
				CODE_SIGN_STYLE = Automatic;
				INFOPLIST_FILE = "Mediquo Swift Example AppTests/Info.plist";
				LD_RUNPATH_SEARCH_PATHS = "$(inherited) @executable_path/Frameworks @loader_path/Frameworks";
				PRODUCT_BUNDLE_IDENTIFIER = "iSalud.Mediquo-Swift-Example-AppTests";
				PRODUCT_NAME = "$(TARGET_NAME)";
				SWIFT_VERSION = 4.0;
				TARGETED_DEVICE_FAMILY = "1,2";
				TEST_HOST = "$(BUILT_PRODUCTS_DIR)/Mediquo Swift Example App.app/Mediquo Swift Example App";
			};
			name = Debug;
		};
		69BC17B31FBC83380025CC42 /* Release */ = {
			isa = XCBuildConfiguration;
			baseConfigurationReference = A961F6FABA2B686539C96756 /* Pods-Mediquo Swift Example AppTests.release.xcconfig */;
			buildSettings = {
				ALWAYS_EMBED_SWIFT_STANDARD_LIBRARIES = YES;
				BUNDLE_LOADER = "$(TEST_HOST)";
				CODE_SIGN_STYLE = Automatic;
				INFOPLIST_FILE = "Mediquo Swift Example AppTests/Info.plist";
				LD_RUNPATH_SEARCH_PATHS = "$(inherited) @executable_path/Frameworks @loader_path/Frameworks";
				PRODUCT_BUNDLE_IDENTIFIER = "iSalud.Mediquo-Swift-Example-AppTests";
				PRODUCT_NAME = "$(TARGET_NAME)";
				SWIFT_VERSION = 4.0;
				TARGETED_DEVICE_FAMILY = "1,2";
				TEST_HOST = "$(BUILT_PRODUCTS_DIR)/Mediquo Swift Example App.app/Mediquo Swift Example App";
			};
			name = Release;
		};
		69BC17B51FBC83380025CC42 /* Debug */ = {
			isa = XCBuildConfiguration;
			baseConfigurationReference = 56CD461184949E8757E80A51 /* Pods-Mediquo Swift Example AppUITests.debug.xcconfig */;
			buildSettings = {
				ALWAYS_EMBED_SWIFT_STANDARD_LIBRARIES = YES;
				CODE_SIGN_STYLE = Automatic;
				INFOPLIST_FILE = "Mediquo Swift Example AppUITests/Info.plist";
				LD_RUNPATH_SEARCH_PATHS = "$(inherited) @executable_path/Frameworks @loader_path/Frameworks";
				PRODUCT_BUNDLE_IDENTIFIER = "iSalud.Mediquo-Swift-Example-AppUITests";
				PRODUCT_NAME = "$(TARGET_NAME)";
				SWIFT_VERSION = 4.0;
				TARGETED_DEVICE_FAMILY = "1,2";
				TEST_TARGET_NAME = "Mediquo Swift Example App";
			};
			name = Debug;
		};
		69BC17B61FBC83380025CC42 /* Release */ = {
			isa = XCBuildConfiguration;
			baseConfigurationReference = E52D4196B343F549A802E08D /* Pods-Mediquo Swift Example AppUITests.release.xcconfig */;
			buildSettings = {
				ALWAYS_EMBED_SWIFT_STANDARD_LIBRARIES = YES;
				CODE_SIGN_STYLE = Automatic;
				INFOPLIST_FILE = "Mediquo Swift Example AppUITests/Info.plist";
				LD_RUNPATH_SEARCH_PATHS = "$(inherited) @executable_path/Frameworks @loader_path/Frameworks";
				PRODUCT_BUNDLE_IDENTIFIER = "iSalud.Mediquo-Swift-Example-AppUITests";
				PRODUCT_NAME = "$(TARGET_NAME)";
				SWIFT_VERSION = 4.0;
				TARGETED_DEVICE_FAMILY = "1,2";
				TEST_TARGET_NAME = "Mediquo Swift Example App";
			};
			name = Release;
		};
/* End XCBuildConfiguration section */

/* Begin XCConfigurationList section */
		69BC17811FBC83380025CC42 /* Build configuration list for PBXProject "Mediquo Swift Example App" */ = {
			isa = XCConfigurationList;
			buildConfigurations = (
				69BC17AC1FBC83380025CC42 /* Debug */,
				69BC17AD1FBC83380025CC42 /* Release */,
			);
			defaultConfigurationIsVisible = 0;
			defaultConfigurationName = Release;
		};
		69BC17AE1FBC83380025CC42 /* Build configuration list for PBXNativeTarget "Mediquo Swift Example App" */ = {
			isa = XCConfigurationList;
			buildConfigurations = (
				69BC17AF1FBC83380025CC42 /* Debug */,
				69BC17B01FBC83380025CC42 /* Release */,
			);
			defaultConfigurationIsVisible = 0;
			defaultConfigurationName = Release;
		};
		69BC17B11FBC83380025CC42 /* Build configuration list for PBXNativeTarget "Mediquo Swift Example AppTests" */ = {
			isa = XCConfigurationList;
			buildConfigurations = (
				69BC17B21FBC83380025CC42 /* Debug */,
				69BC17B31FBC83380025CC42 /* Release */,
			);
			defaultConfigurationIsVisible = 0;
			defaultConfigurationName = Release;
		};
		69BC17B41FBC83380025CC42 /* Build configuration list for PBXNativeTarget "Mediquo Swift Example AppUITests" */ = {
			isa = XCConfigurationList;
			buildConfigurations = (
				69BC17B51FBC83380025CC42 /* Debug */,
				69BC17B61FBC83380025CC42 /* Release */,
			);
			defaultConfigurationIsVisible = 0;
			defaultConfigurationName = Release;
		};
/* End XCConfigurationList section */
	};
	rootObject = 69BC177E1FBC83380025CC42 /* Project object */;
}
